
Microsoft Visual Studio Solution File, Format Version 12.00
# Visual Studio Version 17
VisualStudioVersion = 17.14.36511.14
MinimumVisualStudioVersion = 10.0.40219.1
Project("{FAE04EC0-301F-11D3-BF4B-00C04F79EFBC}") = "CapaPresentación", "ProyectoHPAIII\CapaPresentación.csproj", "{2C7B8D8B-6D08-46D6-A306-66CD6B5C371C}"
EndProject
Project("{FAE04EC0-301F-11D3-BF4B-00C04F79EFBC}") = "CapaDatos", "CapaDatos\CapaDatos.csproj", "{57D79081-FC08-403F-9043-08AD67BF357E}"
EndProject
Project("{FAE04EC0-301F-11D3-BF4B-00C04F79EFBC}") = "CapaEntidad", "CapaEntidad\CapaEntidad.csproj", "{A11D3935-6CBF-415F-8C1D-DDC8B0D88D8C}"
EndProject
Project("{FAE04EC0-301F-11D3-BF4B-00C04F79EFBC}") = "CapaNegocio", "CapaNegocio\CapaNegocio.csproj", "{1FBE0A74-8BF8-4141-8C4E-444B6C3BF450}"
EndProject
Global
	GlobalSection(SolutionConfigurationPlatforms) = preSolution
		Debug|Any CPU = Debug|Any CPU
		Release|Any CPU = Release|Any CPU
	EndGlobalSection
	GlobalSection(ProjectConfigurationPlatforms) = postSolution
		{2C7B8D8B-6D08-46D6-A306-66CD6B5C371C}.Debug|Any CPU.ActiveCfg = Debug|Any CPU
		{2C7B8D8B-6D08-46D6-A306-66CD6B5C371C}.Debug|Any CPU.Build.0 = Debug|Any CPU
		{2C7B8D8B-6D08-46D6-A306-66CD6B5C371C}.Release|Any CPU.ActiveCfg = Release|Any CPU
		{2C7B8D8B-6D08-46D6-A306-66CD6B5C371C}.Release|Any CPU.Build.0 = Release|Any CPU
		{57D79081-FC08-403F-9043-08AD67BF357E}.Debug|Any CPU.ActiveCfg = Debug|Any CPU
		{57D79081-FC08-403F-9043-08AD67BF357E}.Debug|Any CPU.Build.0 = Debug|Any CPU
		{57D79081-FC08-403F-9043-08AD67BF357E}.Release|Any CPU.ActiveCfg = Release|Any CPU
		{57D79081-FC08-403F-9043-08AD67BF357E}.Release|Any CPU.Build.0 = Release|Any CPU
		{A11D3935-6CBF-415F-8C1D-DDC8B0D88D8C}.Debug|Any CPU.ActiveCfg = Debug|Any CPU
		{A11D3935-6CBF-415F-8C1D-DDC8B0D88D8C}.Debug|Any CPU.Build.0 = Debug|Any CPU
		{A11D3935-6CBF-415F-8C1D-DDC8B0D88D8C}.Release|Any CPU.ActiveCfg = Release|Any CPU
		{A11D3935-6CBF-415F-8C1D-DDC8B0D88D8C}.Release|Any CPU.Build.0 = Release|Any CPU
		{1FBE0A74-8BF8-4141-8C4E-444B6C3BF450}.Debug|Any CPU.ActiveCfg = Debug|Any CPU
		{1FBE0A74-8BF8-4141-8C4E-444B6C3BF450}.Debug|Any CPU.Build.0 = Debug|Any CPU
		{1FBE0A74-8BF8-4141-8C4E-444B6C3BF450}.Release|Any CPU.ActiveCfg = Release|Any CPU
		{1FBE0A74-8BF8-4141-8C4E-444B6C3BF450}.Release|Any CPU.Build.0 = Release|Any CPU
	EndGlobalSection
	GlobalSection(SolutionProperties) = preSolution
		HideSolutionNode = FALSE
	EndGlobalSection
	GlobalSection(ExtensibilityGlobals) = postSolution
		SolutionGuid = {2CB2A0A7-B784-4142-9683-8771ABE312B3}
	EndGlobalSection
EndGlobal
